
Microsoft Visual Studio Solution File, Format Version 12.00
# Visual Studio 15
VisualStudioVersion = 15.0.27004.2002
MinimumVisualStudioVersion = 10.0.40219.1
Project("{FAE04EC0-301F-11D3-BF4B-00C04F79EFBC}") = "MaterialAlarm", "MaterialAlarm\MaterialAlarm.csproj", "{794B3EED-59AE-442F-9800-0E5F29E72049}"
EndProject
Global
	GlobalSection(SolutionConfigurationPlatforms) = preSolution
		Debug|Any CPU = Debug|Any CPU
		Release|Any CPU = Release|Any CPU
	EndGlobalSection
	GlobalSection(ProjectConfigurationPlatforms) = postSolution
		{794B3EED-59AE-442F-9800-0E5F29E72049}.Debug|Any CPU.ActiveCfg = Debug|Any CPU
		{794B3EED-59AE-442F-9800-0E5F29E72049}.Debug|Any CPU.Build.0 = Debug|Any CPU
		{794B3EED-59AE-442F-9800-0E5F29E72049}.Release|Any CPU.ActiveCfg = Release|Any CPU
		{794B3EED-59AE-442F-9800-0E5F29E72049}.Release|Any CPU.Build.0 = Release|Any CPU
	EndGlobalSection
	GlobalSection(SolutionProperties) = preSolution
		HideSolutionNode = FALSE
	EndGlobalSection
	GlobalSection(ExtensibilityGlobals) = postSolution
		SolutionGuid = {7F8C95EA-06FD-4E5B-8C5A-179C36894780}
	EndGlobalSection
EndGlobal
